PODS:
  - NI18n (1.0.0):
    - NI18n/Core (= 1.0.0)
  - NI18n/Core (1.0.0)
  - NI18n/TestHelpers (1.0.0):
    - Nimble
    - Quick
    - Spry
    - "Spry+Nimble"
  - NI18n/TestHelpers/Tests (1.0.0):
    - Nimble
    - Quick
    - Spry
    - "Spry+Nimble"
  - Nimble (8.0.2)
  - Quick (2.1.0)
  - Spry (3.2.3)
  - "Spry+Nimble (3.2.3)":
    - Nimble (> 7.0.0)
    - Spry (= 3.2.3)

DEPENDENCIES:
  - NI18n (from `./../`)
  - NI18n/TestHelpers (from `./../`)
  - NI18n/TestHelpers/Tests (from `./../`)

SPEC REPOS:
  https://github.com/cocoapods/specs.git:
    - Nimble
    - Quick
    - Spry
    - "Spry+Nimble"

EXTERNAL SOURCES:
  NI18n:
    :path: "./../"

SPEC CHECKSUMS:
  NI18n: 890deaaf02148b054ac83ac584e409a9135283f8
  Nimble: 622629381bda1dd5678162f21f1368cec7cbba60
  Quick: 4be43f6634acfa727dd106bdf3929ce125ffa79d
  Spry: 216a7f6566e6c7a0392f3f4b4e804e71d58e1835
  "Spry+Nimble": 65b76e7d2dbe2d9166109ff44d8eea44a0bea94e

PODFILE CHECKSUM: 39056bbc94384da72060b0c65b28f9ee203aa702

COCOAPODS: 1.7.4
